# THIS IS AN AUTOGENERATED FILE. DO NOT EDIT THIS FILE DIRECTLY.
# yarn lockfile v1


"@uidotdev/usehooks@^2.4.1":
  version "2.4.1"
  resolved "https://registry.yarnpkg.com/@uidotdev/usehooks/-/usehooks-2.4.1.tgz#4b733eaeae09a7be143c6c9ca158b56cc1ea75bf"
  integrity sha512-1I+RwWyS+kdv3Mv0Vmc+p0dPYH0DTRAo04HLyXReYBL9AeseDWUJyi4THuksBJcu9F0Pih69Ak150VDnqbVnXg==
